
Microsoft Visual Studio Solution File, Format Version 12.00
# Visual Studio Version 17
VisualStudioVersion = 17.14.36623.8 d17.14
MinimumVisualStudioVersion = 10.0.40219.1
Project("{FAE04EC0-301F-11D3-BF4B-00C04F79EFBC}") = "Cars", "Cars.csproj", "{3EC56A0F-FD59-4E1E-BDD6-81B2C2C42D07}"
EndProject
Project("{FAE04EC0-301F-11D3-BF4B-00C04F79EFBC}") = "Cars.Core", "..\Cars.Core\Cars.Core.csproj", "{4681D0FC-7E7B-420D-812F-889693B4740C}"
EndProject
Project("{FAE04EC0-301F-11D3-BF4B-00C04F79EFBC}") = "Cars.Data", "..\Cars.Data\Cars.Data.csproj", "{0DA90A9D-F412-44A1-8D45-2FED33C1F305}"
EndProject
Project("{FAE04EC0-301F-11D3-BF4B-00C04F79EFBC}") = "Cars.ApplicationServices", "..\Cars.ApplicationServices\Cars.ApplicationServices.csproj", "{2EDAF51E-576F-4938-B49F-5CC00E824237}"
EndProject
Global
	GlobalSection(SolutionConfigurationPlatforms) = preSolution
		Debug|Any CPU = Debug|Any CPU
		Release|Any CPU = Release|Any CPU
	EndGlobalSection
	GlobalSection(ProjectConfigurationPlatforms) = postSolution
		{3EC56A0F-FD59-4E1E-BDD6-81B2C2C42D07}.Debug|Any CPU.ActiveCfg = Debug|Any CPU
		{3EC56A0F-FD59-4E1E-BDD6-81B2C2C42D07}.Debug|Any CPU.Build.0 = Debug|Any CPU
		{3EC56A0F-FD59-4E1E-BDD6-81B2C2C42D07}.Release|Any CPU.ActiveCfg = Release|Any CPU
		{3EC56A0F-FD59-4E1E-BDD6-81B2C2C42D07}.Release|Any CPU.Build.0 = Release|Any CPU
		{4681D0FC-7E7B-420D-812F-889693B4740C}.Debug|Any CPU.ActiveCfg = Debug|Any CPU
		{4681D0FC-7E7B-420D-812F-889693B4740C}.Debug|Any CPU.Build.0 = Debug|Any CPU
		{4681D0FC-7E7B-420D-812F-889693B4740C}.Release|Any CPU.ActiveCfg = Release|Any CPU
		{4681D0FC-7E7B-420D-812F-889693B4740C}.Release|Any CPU.Build.0 = Release|Any CPU
		{0DA90A9D-F412-44A1-8D45-2FED33C1F305}.Debug|Any CPU.ActiveCfg = Debug|Any CPU
		{0DA90A9D-F412-44A1-8D45-2FED33C1F305}.Debug|Any CPU.Build.0 = Debug|Any CPU
		{0DA90A9D-F412-44A1-8D45-2FED33C1F305}.Release|Any CPU.ActiveCfg = Release|Any CPU
		{0DA90A9D-F412-44A1-8D45-2FED33C1F305}.Release|Any CPU.Build.0 = Release|Any CPU
		{2EDAF51E-576F-4938-B49F-5CC00E824237}.Debug|Any CPU.ActiveCfg = Debug|Any CPU
		{2EDAF51E-576F-4938-B49F-5CC00E824237}.Debug|Any CPU.Build.0 = Debug|Any CPU
		{2EDAF51E-576F-4938-B49F-5CC00E824237}.Release|Any CPU.ActiveCfg = Release|Any CPU
		{2EDAF51E-576F-4938-B49F-5CC00E824237}.Release|Any CPU.Build.0 = Release|Any CPU
	EndGlobalSection
	GlobalSection(SolutionProperties) = preSolution
		HideSolutionNode = FALSE
	EndGlobalSection
	GlobalSection(ExtensibilityGlobals) = postSolution
		SolutionGuid = {A80C60D7-36B0-4879-90FE-494FAEC43337}
	EndGlobalSection
EndGlobal
